
Microsoft Visual Studio Solution File, Format Version 12.00
# Visual Studio Version 17
VisualStudioVersion = 17.11.35208.52
MinimumVisualStudioVersion = 10.0.40219.1
Project("{FAE04EC0-301F-11D3-BF4B-00C04F79EFBC}") = "Notaestudiante_Parcial2", "Notaestudiante_Parcial2.csproj", "{123D28D8-8ED0-4E6B-AE94-3E0B4CDC109B}"
EndProject
Global
	GlobalSection(SolutionConfigurationPlatforms) = preSolution
		Debug|Any CPU = Debug|Any CPU
		Release|Any CPU = Release|Any CPU
	EndGlobalSection
	GlobalSection(ProjectConfigurationPlatforms) = postSolution
		{123D28D8-8ED0-4E6B-AE94-3E0B4CDC109B}.Debug|Any CPU.ActiveCfg = Debug|Any CPU
		{123D28D8-8ED0-4E6B-AE94-3E0B4CDC109B}.Debug|Any CPU.Build.0 = Debug|Any CPU
		{123D28D8-8ED0-4E6B-AE94-3E0B4CDC109B}.Release|Any CPU.ActiveCfg = Release|Any CPU
		{123D28D8-8ED0-4E6B-AE94-3E0B4CDC109B}.Release|Any CPU.Build.0 = Release|Any CPU
	EndGlobalSection
	GlobalSection(SolutionProperties) = preSolution
		HideSolutionNode = FALSE
	EndGlobalSection
	GlobalSection(ExtensibilityGlobals) = postSolution
		SolutionGuid = {2917848C-36AC-41C0-A855-911091AA8C65}
	EndGlobalSection
EndGlobal
