
Microsoft Visual Studio Solution File, Format Version 12.00
# Visual Studio Version 17
VisualStudioVersion = 17.11.35208.52
MinimumVisualStudioVersion = 10.0.40219.1
Project("{FAE04EC0-301F-11D3-BF4B-00C04F79EFBC}") = "Promedio_Alumnos", "Promedio_Alumnos.csproj", "{102AF9C6-442E-48B9-B587-BF1788F4E904}"
EndProject
Global
	GlobalSection(SolutionConfigurationPlatforms) = preSolution
		Debug|Any CPU = Debug|Any CPU
		Release|Any CPU = Release|Any CPU
	EndGlobalSection
	GlobalSection(ProjectConfigurationPlatforms) = postSolution
		{102AF9C6-442E-48B9-B587-BF1788F4E904}.Debug|Any CPU.ActiveCfg = Debug|Any CPU
		{102AF9C6-442E-48B9-B587-BF1788F4E904}.Debug|Any CPU.Build.0 = Debug|Any CPU
		{102AF9C6-442E-48B9-B587-BF1788F4E904}.Release|Any CPU.ActiveCfg = Release|Any CPU
		{102AF9C6-442E-48B9-B587-BF1788F4E904}.Release|Any CPU.Build.0 = Release|Any CPU
	EndGlobalSection
	GlobalSection(SolutionProperties) = preSolution
		HideSolutionNode = FALSE
	EndGlobalSection
	GlobalSection(ExtensibilityGlobals) = postSolution
		SolutionGuid = {ACAC3C33-2260-4DA5-8494-D0B0FAC7FEC8}
	EndGlobalSection
EndGlobal
